
Microsoft Visual Studio Solution File, Format Version 12.00
# Visual Studio Version 17
VisualStudioVersion = 17.12.35506.116 d17.12
MinimumVisualStudioVersion = 10.0.40219.1
Project("{FAE04EC0-301F-11D3-BF4B-00C04F79EFBC}") = "Calculator app", "Calculator app\Calculator app.csproj", "{0085A1A2-7091-4FCA-B4C8-4B1DBC9D149F}"
EndProject
Global
	GlobalSection(SolutionConfigurationPlatforms) = preSolution
		Debug|Any CPU = Debug|Any CPU
		Release|Any CPU = Release|Any CPU
	EndGlobalSection
	GlobalSection(ProjectConfigurationPlatforms) = postSolution
		{0085A1A2-7091-4FCA-B4C8-4B1DBC9D149F}.Debug|Any CPU.ActiveCfg = Debug|Any CPU
		{0085A1A2-7091-4FCA-B4C8-4B1DBC9D149F}.Debug|Any CPU.Build.0 = Debug|Any CPU
		{0085A1A2-7091-4FCA-B4C8-4B1DBC9D149F}.Release|Any CPU.ActiveCfg = Release|Any CPU
		{0085A1A2-7091-4FCA-B4C8-4B1DBC9D149F}.Release|Any CPU.Build.0 = Release|Any CPU
	EndGlobalSection
	GlobalSection(SolutionProperties) = preSolution
		HideSolutionNode = FALSE
	EndGlobalSection
EndGlobal
